
Microsoft Visual Studio Solution File, Format Version 12.00
# Visual Studio Version 16
VisualStudioVersion = 16.0.30413.136
MinimumVisualStudioVersion = 10.0.40219.1
Project("{FAE04EC0-301F-11D3-BF4B-00C04F79EFBC}") = "MovieAppMenu", "MovieAppMenu.csproj", "{D4B5B571-11F9-4F83-B531-DEB5DD66AAAE}"
EndProject
Global
	GlobalSection(SolutionConfigurationPlatforms) = preSolution
		Debug|Any CPU = Debug|Any CPU
		Release|Any CPU = Release|Any CPU
	EndGlobalSection
	GlobalSection(ProjectConfigurationPlatforms) = postSolution
		{D4B5B571-11F9-4F83-B531-DEB5DD66AAAE}.Debug|Any CPU.ActiveCfg = Debug|Any CPU
		{D4B5B571-11F9-4F83-B531-DEB5DD66AAAE}.Debug|Any CPU.Build.0 = Debug|Any CPU
		{D4B5B571-11F9-4F83-B531-DEB5DD66AAAE}.Release|Any CPU.ActiveCfg = Release|Any CPU
		{D4B5B571-11F9-4F83-B531-DEB5DD66AAAE}.Release|Any CPU.Build.0 = Release|Any CPU
	EndGlobalSection
	GlobalSection(SolutionProperties) = preSolution
		HideSolutionNode = FALSE
	EndGlobalSection
	GlobalSection(ExtensibilityGlobals) = postSolution
		SolutionGuid = {5D28B1EF-F602-4258-B025-938F8D8C03AE}
	EndGlobalSection
EndGlobal
